
Microsoft Visual Studio Solution File, Format Version 12.00
# Visual Studio 15
VisualStudioVersion = 15.0.27428.2043
MinimumVisualStudioVersion = 10.0.40219.1
Project("{9A19103F-16F7-4668-BE54-9A1E7A4F7556}") = "Indus.Store.Services", "Indus.Store.Services\Indus.Store.Services.csproj", "{1B06A01D-D7CB-4CB0-B237-65B215A81F0C}"
EndProject
Project("{9A19103F-16F7-4668-BE54-9A1E7A4F7556}") = "Indus.Store.WebApp", "Indus.Store.WebApp\Indus.Store.WebApp.csproj", "{BBE10327-0ADF-431A-8616-A6499FD108A2}"
EndProject
Project("{FAE04EC0-301F-11D3-BF4B-00C04F79EFBC}") = "Indus.Store.MWebApp", "Indus.Store.MWebApp\Indus.Store.MWebApp.csproj", "{796276E3-CC7C-42E3-8FC8-2593F2429A40}"
EndProject
Global
	GlobalSection(SolutionConfigurationPlatforms) = preSolution
		Debug|Any CPU = Debug|Any CPU
		Release|Any CPU = Release|Any CPU
	EndGlobalSection
	GlobalSection(ProjectConfigurationPlatforms) = postSolution
		{1B06A01D-D7CB-4CB0-B237-65B215A81F0C}.Debug|Any CPU.ActiveCfg = Debug|Any CPU
		{1B06A01D-D7CB-4CB0-B237-65B215A81F0C}.Debug|Any CPU.Build.0 = Debug|Any CPU
		{1B06A01D-D7CB-4CB0-B237-65B215A81F0C}.Release|Any CPU.ActiveCfg = Release|Any CPU
		{1B06A01D-D7CB-4CB0-B237-65B215A81F0C}.Release|Any CPU.Build.0 = Release|Any CPU
		{BBE10327-0ADF-431A-8616-A6499FD108A2}.Debug|Any CPU.ActiveCfg = Debug|Any CPU
		{BBE10327-0ADF-431A-8616-A6499FD108A2}.Debug|Any CPU.Build.0 = Debug|Any CPU
		{BBE10327-0ADF-431A-8616-A6499FD108A2}.Release|Any CPU.ActiveCfg = Release|Any CPU
		{BBE10327-0ADF-431A-8616-A6499FD108A2}.Release|Any CPU.Build.0 = Release|Any CPU
		{796276E3-CC7C-42E3-8FC8-2593F2429A40}.Debug|Any CPU.ActiveCfg = Debug|Any CPU
		{796276E3-CC7C-42E3-8FC8-2593F2429A40}.Debug|Any CPU.Build.0 = Debug|Any CPU
		{796276E3-CC7C-42E3-8FC8-2593F2429A40}.Release|Any CPU.ActiveCfg = Release|Any CPU
		{796276E3-CC7C-42E3-8FC8-2593F2429A40}.Release|Any CPU.Build.0 = Release|Any CPU
	EndGlobalSection
	GlobalSection(SolutionProperties) = preSolution
		HideSolutionNode = FALSE
	EndGlobalSection
	GlobalSection(ExtensibilityGlobals) = postSolution
		SolutionGuid = {8E7C55D7-AFE1-4E34-82CD-D64C552834EF}
	EndGlobalSection
EndGlobal
